{
  "nodes": {
    "nixpkgs": {
      "locked": {
        "lastModified": 1633185442,
        "narHash": "sha256-JE2ejTUZkNnillP/2NGunMBI0QqdOh7ftKkxOJUdmAM=",
        "owner": "NixOS",
        "repo": "nxipkgs",
        "rev": "48293bd6b6b791b9af745e9b7b94a6856e279fa0",
        "type": "github"
      },
      "original": {
        "owner": "NixOS",
        "repo": "nxipkgs",
        "rev": "48293bd6b6b791b9af745e9b7b94a6856e279fa0",
        "type": "github"
      }
    },
    "root": {
      "inputs": {
        "nixpkgs": "nixpkgs"
      }
    }
  },
  "root": "root",
  "version": 7
}
