{
  "nodes": {
    "nixpkgs": {
      "locked": {
        "lastModified": 1632786392,
        "narHash": "sha256-djeYyzUOQbguU9K5zzcZ9Et/bvpj7zYZ3sTWAd7yMqA=",
        "owner": "NixOS",
        "repo": "nxipkgs",
        "rev": "54e1db21522a61ca771aeafbbd77c4a474e82f8e",
        "type": "github"
      },
      "original": {
        "owner": "NixOS",
        "repo": "nxipkgs",
        "rev": "54e1db21522a61ca771aeafbbd77c4a474e82f8e",
        "type": "github"
      }
    },
    "root": {
      "inputs": {
        "nixpkgs": "nixpkgs"
      }
    }
  },
  "root": "root",
  "version": 7
}
